
Microsoft Visual Studio Solution File, Format Version 12.00
# Visual Studio Version 17
VisualStudioVersion = 17.9.34902.65
MinimumVisualStudioVersion = 10.0.40219.1
Project("{FAE04EC0-301F-11D3-BF4B-00C04F79EFBC}") = "MyGame", "PC0-k_visualizer\MyGame.csproj", "{E53EC6A3-C887-43D1-9CB7-D49F9D7A0E69}"
EndProject
Global
	GlobalSection(SolutionConfigurationPlatforms) = preSolution
		Debug|Any CPU = Debug|Any CPU
		Release|Any CPU = Release|Any CPU
	EndGlobalSection
	GlobalSection(ProjectConfigurationPlatforms) = postSolution
		{E53EC6A3-C887-43D1-9CB7-D49F9D7A0E69}.Debug|Any CPU.ActiveCfg = Debug|Any CPU
		{E53EC6A3-C887-43D1-9CB7-D49F9D7A0E69}.Debug|Any CPU.Build.0 = Debug|Any CPU
		{E53EC6A3-C887-43D1-9CB7-D49F9D7A0E69}.Release|Any CPU.ActiveCfg = Release|Any CPU
		{E53EC6A3-C887-43D1-9CB7-D49F9D7A0E69}.Release|Any CPU.Build.0 = Release|Any CPU
	EndGlobalSection
	GlobalSection(SolutionProperties) = preSolution
		HideSolutionNode = FALSE
	EndGlobalSection
	GlobalSection(ExtensibilityGlobals) = postSolution
		SolutionGuid = {F3D9B7A7-CE88-43A8-9567-BEFC65A93208}
	EndGlobalSection
EndGlobal
